[[package]]
name = "amqp"
version = "5.1.1"
description = "Low-level AMQP client for Python (fork of amqplib)."
category = "main"
optional = false
python-versions = ">=3.6"

[package.dependencies]
vine = ">=5.0.0"

[[package]]
name = "asgiref"
version = "3.7.2"
description = "ASGI specs, helper code, and adapters"
category = "main"
optional = false
python-versions = ">=3.7"

[package.dependencies]
typing-extensions = {version = ">=4", markers = "python_version < \"3.11\""}

[package.extras]
tests = ["pytest", "pytest-asyncio", "mypy (>=0.800)"]

[[package]]
name = "async-timeout"
version = "4.0.2"
description = "Timeout context manager for asyncio programs"
category = "main"
optional = false
python-versions = ">=3.6"

[[package]]
name = "atomicwrites"
version = "1.4.1"
description = "Atomic file writes."
category = "dev"
optional = false
python-versions = ">=2.7, !=3.0.*, !=3.1.*, !=3.2.*, !=3.3.*"

[[package]]
name = "attrs"
version = "23.1.0"
description = "Classes Without Boilerplate"
category = "dev"
optional = false
python-versions = ">=3.7"

[package.extras]
cov = ["attrs", "coverage[toml] (>=5.3)"]
dev = ["attrs", "pre-commit"]
docs = ["furo", "myst-parser", "sphinx", "sphinx-notfound-page", "sphinxcontrib-towncrier", "towncrier", "zope-interface"]
tests = ["attrs", "zope-interface"]
tests-no-zope = ["cloudpickle", "hypothesis", "mypy (>=1.1.1)", "pympler", "pytest-mypy-plugins", "pytest-xdist", "pytest (>=4.3.0)"]

[[package]]
name = "billiard"
version = "4.1.0"
description = "Python multiprocessing fork with improvements and bugfixes"
category = "main"
optional = false
python-versions = ">=3.7"

[[package]]
name = "black"
version = "23.3.0"
description = "The uncompromising code formatter."
category = "main"
optional = false
python-versions = ">=3.7"

[package.dependencies]
click = ">=8.0.0"
mypy-extensions = ">=0.4.3"
packaging = ">=22.0"
pathspec = ">=0.9.0"
platformdirs = ">=2"
tomli = {version = ">=1.1.0", markers = "python_version < \"3.11\""}

[package.extras]
colorama = ["colorama (>=0.4.3)"]
d = ["aiohttp (>=3.7.4)"]
jupyter = ["ipython (>=7.8.0)", "tokenize-rt (>=3.2.0)"]
uvloop = ["uvloop (>=0.15.2)"]

[[package]]
name = "celery"
version = "5.3.0"
description = "Distributed Task Queue."
category = "main"
optional = false
python-versions = ">=3.7"

[package.dependencies]
billiard = ">=4.1.0,<5.0"
click = ">=8.1.2,<9.0"
click-didyoumean = ">=0.3.0"
click-plugins = ">=1.1.1"
click-repl = ">=0.2.0"
kombu = ">=5.3.0,<6.0"
python-dateutil = ">=2.8.2"
tzdata = ">=2022.7"
vine = ">=5.0.0,<6.0"

[package.extras]
arangodb = ["pyArango (>=2.0.1)"]
auth = ["cryptography (==41.0.1)"]
azureblockblob = ["azure-storage-blob (>=12.15.0)"]
brotli = ["brotli (>=1.0.0)", "brotlipy (>=0.7.0)"]
cassandra = ["cassandra-driver (>=3.25.0,<4)"]
consul = ["python-consul2 (==0.1.5)"]
cosmosdbsql = ["pydocumentdb (==2.3.5)"]
couchbase = ["couchbase (>=3.0.0)"]
couchdb = ["pycouchdb (==1.14.2)"]
django = ["Django (>=2.2.28)"]
dynamodb = ["boto3 (>=1.26.143)"]
elasticsearch = ["elasticsearch (<8.0)"]
eventlet = ["eventlet (>=0.32.0)"]
gevent = ["gevent (>=1.5.0)"]
librabbitmq = ["librabbitmq (>=2.0.0)"]
memcache = ["pylibmc (==1.6.3)"]
mongodb = ["pymongo[srv] (>=4.0.2)"]
msgpack = ["msgpack (==1.0.5)"]
pymemcache = ["python-memcached (==1.59)"]
pyro = ["pyro4 (==4.82)"]
pytest = ["pytest-celery (==0.0.0)"]
redis = ["redis (>=4.5.2)"]
s3 = ["boto3 (>=1.26.143)"]
slmq = ["softlayer-messaging (>=1.0.3)"]
solar = ["ephem (==4.1.4)"]
sqlalchemy = ["sqlalchemy (>=1.4.48,<2.1)"]
sqs = ["kombu[sqs] (>=5.3.0)"]
tblib = ["tblib (>=1.3.0)", "tblib (>=1.5.0)"]
yaml = ["PyYAML (>=3.10)"]
zookeeper = ["kazoo (>=1.3.1)"]
zstd = ["zstandard (==0.21.0)"]

[[package]]
name = "click"
version = "8.1.3"
description = "Composable command line interface toolkit"
category = "main"
optional = false
python-versions = ">=3.7"

[package.dependencies]
colorama = {version = "*", markers = "platform_system == \"Windows\""}

[[package]]
name = "click-didyoumean"
version = "0.3.0"
description = "Enables git-like *did-you-mean* feature in click"
category = "main"
optional = false
python-versions = ">=3.6.2,<4.0.0"

[package.dependencies]
click = ">=7"

[[package]]
name = "click-plugins"
version = "1.1.1"
description = "An extension module for click to enable registering CLI commands via setuptools entry-points."
category = "main"
optional = false
python-versions = "*"

[package.dependencies]
click = ">=4.0"

[package.extras]
dev = ["pytest (>=3.6)", "pytest-cov", "wheel", "coveralls"]

[[package]]
name = "click-repl"
version = "0.2.0"
description = "REPL plugin for Click"
category = "main"
optional = false
python-versions = "*"

[package.dependencies]
click = "*"
prompt-toolkit = "*"
six = "*"

[[package]]
name = "colorama"
version = "0.4.6"
description = "Cross-platform colored terminal text."
category = "main"
optional = false
python-versions = "!=3.0.*,!=3.1.*,!=3.2.*,!=3.3.*,!=3.4.*,!=3.5.*,!=3.6.*,>=2.7"

[[package]]
name = "django"
version = "4.2.1"
description = "A high-level Python web framework that encourages rapid development and clean, pragmatic design."
category = "main"
optional = false
python-versions = ">=3.8"

[package.dependencies]
asgiref = ">=3.6.0,<4"
sqlparse = ">=0.3.1"
tzdata = {version = "*", markers = "sys_platform == \"win32\""}

[package.extras]
argon2 = ["argon2-cffi (>=19.1.0)"]
bcrypt = ["bcrypt"]

[[package]]
name = "djangorestframework"
version = "3.14.0"
description = "Web APIs for Django, made easy."
category = "main"
optional = false
python-versions = ">=3.6"

[package.dependencies]
django = ">=3.0"
pytz = "*"

[[package]]
name = "isort"
version = "5.12.0"
description = "A Python utility / library to sort Python imports."
category = "main"
optional = false
python-versions = ">=3.8.0"

[package.extras]
colors = ["colorama (>=0.4.3)"]
requirements-deprecated-finder = ["pip-api", "pipreqs"]
pipfile-deprecated-finder = ["pip-shims (>=0.5.2)", "pipreqs", "requirementslib"]
plugins = ["setuptools"]

[[package]]
name = "kafka-python"
version = "2.0.2"
description = "Pure Python client for Apache Kafka"
category = "main"
optional = false
python-versions = "*"

[package.extras]
crc32c = ["crc32c"]

[[package]]
name = "kombu"
version = "5.3.0"
description = "Messaging library for Python."
category = "main"
optional = false
python-versions = ">=3.8"

[package.dependencies]
amqp = ">=5.1.1,<6.0.0"
vine = "*"

[package.extras]
azureservicebus = ["azure-servicebus (>=7.10.0)"]
azurestoragequeues = ["azure-identity (>=1.12.0)", "azure-storage-queue (>=12.6.0)"]
confluentkafka = ["confluent-kafka (==2.1.1)"]
consul = ["python-consul2"]
librabbitmq = ["librabbitmq (>=2.0.0)"]
mongodb = ["pymongo (>=4.1.1)"]
msgpack = ["msgpack"]
pyro = ["pyro4"]
qpid = ["qpid-python (>=0.26)", "qpid-tools (>=0.26)"]
redis = ["redis (>=4.5.2)"]
slmq = ["softlayer-messaging (>=1.0.3)"]
sqlalchemy = ["sqlalchemy (>=1.4.48,<2.1)"]
sqs = ["boto3 (>=1.26.143)", "pycurl (==7.43.0.5)", "urllib3 (>=1.26.16)"]
yaml = ["PyYAML (>=3.10)"]
zookeeper = ["kazoo (>=2.8.0)"]

[[package]]
name = "more-itertools"
version = "9.1.0"
description = "More routines for operating on iterables, beyond itertools"
category = "dev"
optional = false
python-versions = ">=3.7"

[[package]]
name = "mypy-extensions"
version = "1.0.0"
description = "Type system extensions for programs checked with the mypy type checker."
category = "main"
optional = false
python-versions = ">=3.5"

[[package]]
name = "numpy"
version = "1.25.0"
description = "Fundamental package for array computing in Python"
category = "main"
optional = false
python-versions = ">=3.9"

[[package]]
name = "packaging"
version = "23.1"
description = "Core utilities for Python packages"
category = "main"
optional = false
python-versions = ">=3.7"

[[package]]
name = "pandas"
version = "2.0.2"
description = "Powerful data structures for data analysis, time series, and statistics"
category = "main"
optional = false
python-versions = ">=3.8"

[package.dependencies]
numpy = [
    {version = ">=1.21.0", markers = "python_version >= \"3.10\""},
    {version = ">=1.23.2", markers = "python_version >= \"3.11\""},
]
python-dateutil = ">=2.8.2"
pytz = ">=2020.1"
tzdata = ">=2022.1"

[package.extras]
all = ["beautifulsoup4 (>=4.9.3)", "bottleneck (>=1.3.2)", "brotlipy (>=0.7.0)", "fastparquet (>=0.6.3)", "fsspec (>=2021.07.0)", "gcsfs (>=2021.07.0)", "html5lib (>=1.1)", "hypothesis (>=6.34.2)", "jinja2 (>=3.0.0)", "lxml (>=4.6.3)", "matplotlib (>=3.6.1)", "numba (>=0.53.1)", "numexpr (>=2.7.3)", "odfpy (>=1.4.1)", "openpyxl (>=3.0.7)", "pandas-gbq (>=0.15.0)", "psycopg2 (>=2.8.6)", "pyarrow (>=7.0.0)", "pymysql (>=1.0.2)", "PyQt5 (>=5.15.1)", "pyreadstat (>=1.1.2)", "pytest (>=7.0.0)", "pytest-xdist (>=2.2.0)", "pytest-asyncio (>=0.17.0)", "python-snappy (>=0.6.0)", "pyxlsb (>=1.0.8)", "qtpy (>=2.2.0)", "scipy (>=1.7.1)", "s3fs (>=2021.08.0)", "SQLAlchemy (>=1.4.16)", "tables (>=3.6.1)", "tabulate (>=0.8.9)", "xarray (>=0.21.0)", "xlrd (>=2.0.1)", "xlsxwriter (>=1.4.3)", "zstandard (>=0.15.2)"]
aws = ["s3fs (>=2021.08.0)"]
clipboard = ["PyQt5 (>=5.15.1)", "qtpy (>=2.2.0)"]
compression = ["brotlipy (>=0.7.0)", "python-snappy (>=0.6.0)", "zstandard (>=0.15.2)"]
computation = ["scipy (>=1.7.1)", "xarray (>=0.21.0)"]
excel = ["odfpy (>=1.4.1)", "openpyxl (>=3.0.7)", "pyxlsb (>=1.0.8)", "xlrd (>=2.0.1)", "xlsxwriter (>=1.4.3)"]
feather = ["pyarrow (>=7.0.0)"]
fss = ["fsspec (>=2021.07.0)"]
gcp = ["gcsfs (>=2021.07.0)", "pandas-gbq (>=0.15.0)"]
hdf5 = ["tables (>=3.6.1)"]
html = ["beautifulsoup4 (>=4.9.3)", "html5lib (>=1.1)", "lxml (>=4.6.3)"]
mysql = ["SQLAlchemy (>=1.4.16)", "pymysql (>=1.0.2)"]
output_formatting = ["jinja2 (>=3.0.0)", "tabulate (>=0.8.9)"]
parquet = ["pyarrow (>=7.0.0)"]
performance = ["bottleneck (>=1.3.2)", "numba (>=0.53.1)", "numexpr (>=2.7.1)"]
plot = ["matplotlib (>=3.6.1)"]
postgresql = ["SQLAlchemy (>=1.4.16)", "psycopg2 (>=2.8.6)"]
spss = ["pyreadstat (>=1.1.2)"]
sql-other = ["SQLAlchemy (>=1.4.16)"]
test = ["hypothesis (>=6.34.2)", "pytest (>=7.0.0)", "pytest-xdist (>=2.2.0)", "pytest-asyncio (>=0.17.0)"]
xml = ["lxml (>=4.6.3)"]

[[package]]
name = "pathspec"
version = "0.11.1"
description = "Utility library for gitignore style pattern matching of file paths."
category = "main"
optional = false
python-versions = ">=3.7"

[[package]]
name = "platformdirs"
version = "3.5.3"
description = "A small Python package for determining appropriate platform-specific dirs, e.g. a \"user data dir\"."
category = "main"
optional = false
python-versions = ">=3.7"

[package.extras]
docs = ["furo (>=2023.5.20)", "proselint (>=0.13)", "sphinx-autodoc-typehints (>=1.23,!=1.23.4)", "sphinx (>=7.0.1)"]
test = ["appdirs (==1.4.4)", "covdefaults (>=2.3)", "pytest-cov (>=4.1)", "pytest-mock (>=3.10)", "pytest (>=7.3.1)"]

[[package]]
name = "pluggy"
version = "0.13.1"
description = "plugin and hook calling mechanisms for python"
category = "dev"
optional = false
python-versions = ">=2.7, !=3.0.*, !=3.1.*, !=3.2.*, !=3.3.*"

[package.extras]
dev = ["pre-commit", "tox"]

[[package]]
name = "prompt-toolkit"
version = "3.0.38"
description = "Library for building powerful interactive command lines in Python"
category = "main"
optional = false
python-versions = ">=3.7.0"

[package.dependencies]
wcwidth = "*"

[[package]]
name = "psycopg"
version = "3.1.9"
description = "PostgreSQL database adapter for Python"
category = "main"
optional = false
python-versions = ">=3.7"

[package.dependencies]
typing-extensions = ">=4.1"
tzdata = {version = "*", markers = "sys_platform == \"win32\""}

[package.extras]
binary = ["psycopg-binary (==3.1.9)"]
c = ["psycopg-c (==3.1.9)"]
dev = ["black (>=23.1.0)", "dnspython (>=2.1)", "flake8 (>=4.0)", "mypy (>=1.2)", "types-setuptools (>=57.4)", "wheel (>=0.37)"]
docs = ["Sphinx (>=5.0)", "furo (==2022.6.21)", "sphinx-autobuild (>=2021.3.14)", "sphinx-autodoc-typehints (>=1.12)"]
pool = ["psycopg-pool"]
test = ["anyio (>=3.6.2)", "mypy (>=1.2)", "pproxy (>=2.7)", "pytest (>=6.2.5)", "pytest-cov (>=3.0)", "pytest-randomly (>=3.5)"]

[[package]]
name = "psycopg2-binary"
version = "2.9.6"
description = "psycopg2 - Python-PostgreSQL Database Adapter"
category = "main"
optional = false
python-versions = ">=3.6"

[[package]]
name = "py"
version = "1.11.0"
description = "library with cross-python path, ini-parsing, io, code, log facilities"
category = "dev"
optional = false
python-versions = ">=2.7, !=3.0.*, !=3.1.*, !=3.2.*, !=3.3.*, !=3.4.*"

[[package]]
name = "pytest"
version = "5.4.3"
description = "pytest: simple powerful testing with Python"
category = "dev"
optional = false
python-versions = ">=3.5"

[package.dependencies]
atomicwrites = {version = ">=1.0", markers = "sys_platform == \"win32\""}
attrs = ">=17.4.0"
colorama = {version = "*", markers = "sys_platform == \"win32\""}
more-itertools = ">=4.0.0"
packaging = "*"
pluggy = ">=0.12,<1.0"
py = ">=1.5.0"
wcwidth = "*"

[package.extras]
checkqa-mypy = ["mypy (==v0.761)"]
testing = ["argcomplete", "hypothesis (>=3.56)", "mock", "nose", "requests", "xmlschema"]

[[package]]
name = "python-dateutil"
version = "2.8.2"
description = "Extensions to the standard Python datetime module"
category = "main"
optional = false
python-versions = "!=3.0.*,!=3.1.*,!=3.2.*,>=2.7"

[package.dependencies]
six = ">=1.5"

[[package]]
name = "python-decouple"
version = "3.8"
description = "Strict separation of settings from code."
category = "main"
optional = false
python-versions = "*"

[[package]]
name = "pytz"
version = "2023.3"
description = "World timezone definitions, modern and historical"
category = "main"
optional = false
python-versions = "*"

[[package]]
name = "redis"
version = "4.5.5"
description = "Python client for Redis database and key-value store"
category = "main"
optional = false
python-versions = ">=3.7"

[package.dependencies]
async-timeout = {version = ">=4.0.2", markers = "python_full_version <= \"3.11.2\""}

[package.extras]
hiredis = ["hiredis (>=1.0.0)"]
ocsp = ["cryptography (>=36.0.1)", "pyopenssl (==20.0.1)", "requests (>=2.26.0)"]

[[package]]
name = "six"
version = "1.16.0"
description = "Python 2 and 3 compatibility utilities"
category = "main"
optional = false
python-versions = ">=2.7, !=3.0.*, !=3.1.*, !=3.2.*"

[[package]]
name = "sqlparse"
version = "0.4.4"
description = "A non-validating SQL parser."
category = "main"
optional = false
python-versions = ">=3.5"

[package.extras]
dev = ["flake8", "build"]
doc = ["sphinx"]
test = ["pytest", "pytest-cov"]

[[package]]
name = "tomli"
version = "2.0.1"
description = "A lil' TOML parser"
category = "main"
optional = false
python-versions = ">=3.7"

[[package]]
name = "typing-extensions"
version = "4.6.3"
description = "Backported and Experimental Type Hints for Python 3.7+"
category = "main"
optional = false
python-versions = ">=3.7"

[[package]]
name = "tzdata"
version = "2023.3"
description = "Provider of IANA time zone data"
category = "main"
optional = false
python-versions = ">=2"

[[package]]
name = "vine"
version = "5.0.0"
description = "Promises, promises, promises."
category = "main"
optional = false
python-versions = ">=3.6"

[[package]]
name = "wcwidth"
version = "0.2.6"
description = "Measures the displayed width of unicode strings in a terminal"
category = "main"
optional = false
python-versions = "*"

[metadata]
lock-version = "1.1"
python-versions = "^3.10"
content-hash = "5b29641d41770e92536c4b986921d72412ec28d24f26684bf57f949951c5f12e"

[metadata.files]
amqp = []
asgiref = []
async-timeout = []
atomicwrites = []
attrs = []
billiard = []
black = []
celery = []
click = []
click-didyoumean = []
click-plugins = []
click-repl = []
colorama = []
django = []
djangorestframework = []
isort = []
kafka-python = []
kombu = []
more-itertools = []
mypy-extensions = []
numpy = []
packaging = []
pandas = []
pathspec = []
platformdirs = []
pluggy = []
prompt-toolkit = []
psycopg = []
psycopg2-binary = []
py = []
pytest = []
python-dateutil = []
python-decouple = []
pytz = []
redis = []
six = []
sqlparse = []
tomli = []
typing-extensions = []
tzdata = []
vine = []
wcwidth = []
